{
  "nodes": {
    "nixpkgs": {
      "locked": {
        "lastModified": 1727631725,
        "narHash": "sha256-3BhOfmcg9Pxjm/kU+IVYe76CvHL6zArK9ktlCJeP06E=",
        "path": "/nix/store/yz6iyk5c1hvrsw1akb4j0byla8hhwjjc-source",
        "rev": "b5c4f45cfcaa5a44632c7119922987e131249cd2",
        "type": "path"
      },
      "original": {
        "id": "nixpkgs",
        "type": "indirect"
      }
    },
    "pyproject-nix": {
      "inputs": {
        "nixpkgs": [
          "nixpkgs"
        ]
      },
      "locked": {
        "lastModified": 1731223003,
        "narHash": "sha256-hFf8/IeZKPUubMC452Mm+JiAEnvcw/a4Cvn2bcpeJqs=",
        "owner": "nix-community",
        "repo": "pyproject.nix",
        "rev": "359dd9cd562730bbd31ab164832aae4dacd9c302",
        "type": "github"
      },
      "original": {
        "owner": "nix-community",
        "repo": "pyproject.nix",
        "type": "github"
      }
    },
    "root": {
      "inputs": {
        "nixpkgs": "nixpkgs",
        "pyproject-nix": "pyproject-nix",
        "uv2nix": "uv2nix"
      }
    },
    "uv2nix": {
      "inputs": {
        "nixpkgs": [
          "nixpkgs"
        ],
        "pyproject-nix": [
          "pyproject-nix"
        ]
      },
      "locked": {
        "lastModified": 1731223088,
        "narHash": "sha256-qkij76/APgVXsgagQ0z0lTy3qeorfTuY5S91tzROSe0=",
        "owner": "adisbladis",
        "repo": "uv2nix",
        "rev": "638bb9e42147ebd6344053b20f05516b7b4674d7",
        "type": "github"
      },
      "original": {
        "owner": "adisbladis",
        "repo": "uv2nix",
        "type": "github"
      }
    }
  },
  "root": "root",
  "version": 7
}
